{
  "object": {
    "pins": [
      {
        "package": "GANUtils",
        "repositoryURL": "https://github.com/t-ae/gan-utils-s4tf.git",
        "state": {
          "branch": null,
          "revision": "2988e8b4423b47a28afa469f4c8f39128b2c15d2",
          "version": "0.3.4"
        }
      },
      {
        "package": "Swim",
        "repositoryURL": "https://github.com/t-ae/swim.git",
        "state": {
          "branch": null,
          "revision": "cdb27349fad1b61fadbeae9947f7d5b52b27957a",
          "version": "3.7.0"
        }
      },
      {
        "package": "TensorBoardX",
        "repositoryURL": "https://github.com/t-ae/tensorboardx-s4tf.git",
        "state": {
          "branch": null,
          "revision": "4b8b537f2b5b0674802ee814bfc16a9425a87f8e",
          "version": "0.1.1"
        }
      }
    ]
  },
  "version": 1
}
