{
  "object": {
    "pins": [
      {
        "package": "Swim",
        "repositoryURL": "https://github.com/t-ae/swim.git",
        "state": {
          "branch": null,
          "revision": "cdb27349fad1b61fadbeae9947f7d5b52b27957a",
          "version": "3.7.0"
        }
      },
      {
        "package": "TensorBoardX",
        "repositoryURL": "https://github.com/t-ae/tensorboardx-s4tf.git",
        "state": {
          "branch": null,
          "revision": "8fa72b632e4718de34bffbe3746aa90ec978f5be",
          "version": "0.0.10"
        }
      }
    ]
  },
  "version": 1
}
